
Microsoft Visual Studio Solution File, Format Version 12.00
# Visual Studio Version 17
VisualStudioVersion = 17.14.36414.22 d17.14
MinimumVisualStudioVersion = 10.0.40219.1
Project("{FAE04EC0-301F-11D3-BF4B-00C04F79EFBC}") = "if else with multiple conditions excersise", "if else with multiple conditions excersise\if else with multiple conditions excersise.csproj", "{A123F731-1C4E-48B8-BD24-2C362542C21A}"
EndProject
Global
	GlobalSection(SolutionConfigurationPlatforms) = preSolution
		Debug|Any CPU = Debug|Any CPU
		Release|Any CPU = Release|Any CPU
	EndGlobalSection
	GlobalSection(ProjectConfigurationPlatforms) = postSolution
		{A123F731-1C4E-48B8-BD24-2C362542C21A}.Debug|Any CPU.ActiveCfg = Debug|Any CPU
		{A123F731-1C4E-48B8-BD24-2C362542C21A}.Debug|Any CPU.Build.0 = Debug|Any CPU
		{A123F731-1C4E-48B8-BD24-2C362542C21A}.Release|Any CPU.ActiveCfg = Release|Any CPU
		{A123F731-1C4E-48B8-BD24-2C362542C21A}.Release|Any CPU.Build.0 = Release|Any CPU
	EndGlobalSection
	GlobalSection(SolutionProperties) = preSolution
		HideSolutionNode = FALSE
	EndGlobalSection
	GlobalSection(ExtensibilityGlobals) = postSolution
		SolutionGuid = {693777FE-0645-4AE6-9B9D-09ED3459D734}
	EndGlobalSection
EndGlobal
